
Microsoft Visual Studio Solution File, Format Version 12.00
# Visual Studio Version 17
VisualStudioVersion = 17.1.32228.430
MinimumVisualStudioVersion = 10.0.40219.1
Project("{FAE04EC0-301F-11D3-BF4B-00C04F79EFBC}") = "AddBinary", "AddBinary\AddBinary.csproj", "{563FF6B8-F7A7-458A-A829-33135C218FCA}"
EndProject
Global
	GlobalSection(SolutionConfigurationPlatforms) = preSolution
		Debug|Any CPU = Debug|Any CPU
		Release|Any CPU = Release|Any CPU
	EndGlobalSection
	GlobalSection(ProjectConfigurationPlatforms) = postSolution
		{563FF6B8-F7A7-458A-A829-33135C218FCA}.Debug|Any CPU.ActiveCfg = Debug|Any CPU
		{563FF6B8-F7A7-458A-A829-33135C218FCA}.Debug|Any CPU.Build.0 = Debug|Any CPU
		{563FF6B8-F7A7-458A-A829-33135C218FCA}.Release|Any CPU.ActiveCfg = Release|Any CPU
		{563FF6B8-F7A7-458A-A829-33135C218FCA}.Release|Any CPU.Build.0 = Release|Any CPU
	EndGlobalSection
	GlobalSection(SolutionProperties) = preSolution
		HideSolutionNode = FALSE
	EndGlobalSection
	GlobalSection(ExtensibilityGlobals) = postSolution
		SolutionGuid = {B1267756-0306-4651-9613-1B536E52E741}
	EndGlobalSection
EndGlobal
